
Microsoft Visual Studio Solution File, Format Version 12.00
# Visual Studio Version 17
VisualStudioVersion = 17.9.34622.214
MinimumVisualStudioVersion = 10.0.40219.1
Project("{9A19103F-16F7-4668-BE54-9A1E7A4F7556}") = "SemiconductorTestLibrary.Extensions", "SemiconductorTestLibrary.Extensions\source\SemiconductorTestLibrary.Extensions.csproj", "{3A90DA2D-A649-4FA0-BF53-7222273E4410}"
EndProject
Project("{9A19103F-16F7-4668-BE54-9A1E7A4F7556}") = "Tests.SemiconductorTestLibrary.Extensions", "SemiconductorTestLibrary.Extensions\tests\Tests.SemiconductorTestLibrary.Extensions.csproj", "{22397A12-B9B8-4913-897C-59BF49752659}"
EndProject
Project("{9A19103F-16F7-4668-BE54-9A1E7A4F7556}") = "Tests.SemiconductorTestLibrary.Utilities", "TestAssets\Tests.SemiconductorTestLibrary.Utilities\Tests.SemiconductorTestLibrary.Utilities.csproj", "{4A5E4AD8-DF13-4B94-87E8-F0FA19EAB2FA}"
EndProject
Project("{9A19103F-16F7-4668-BE54-9A1E7A4F7556}") = "SemiconductorTestLibrary.TestStandSteps", "SemiconductorTestLibrary.TestStandSteps\source\SemiconductorTestLibrary.TestStandSteps.csproj", "{663384BE-3A81-4B11-AF33-817BF91345B2}"
EndProject
Project("{9A19103F-16F7-4668-BE54-9A1E7A4F7556}") = "Tests.SemiconductorTestLibrary.TestStandSteps", "SemiconductorTestLibrary.TestStandSteps\tests\Tests.SemiconductorTestLibrary.TestStandSteps.csproj", "{B5E6E050-014D-447B-A572-8D1DD7860871}"
EndProject
Project("{9A19103F-16F7-4668-BE54-9A1E7A4F7556}") = "Tests.SemiconductorTestLibrary.Examples", "Examples\tests\Tests.SemiconductorTestLibrary.Examples.csproj", "{7A218008-D8D5-4CB8-9935-E3FF291C0149}"
EndProject
Project("{FAE04EC0-301F-11D3-BF4B-00C04F79EFBC}") = "SemiconductorTestLibrary.Examples.CodeSnippet", "Examples\source\CodeSnippet\SemiconductorTestLibrary.Examples.CodeSnippet.csproj", "{AA5217FF-A896-051C-E55A-20CB1EA28A53}"
EndProject
Global
	GlobalSection(SolutionConfigurationPlatforms) = preSolution
		Debug|Any CPU = Debug|Any CPU
		Release|Any CPU = Release|Any CPU
	EndGlobalSection
	GlobalSection(ProjectConfigurationPlatforms) = postSolution
		{3A90DA2D-A649-4FA0-BF53-7222273E4410}.Debug|Any CPU.ActiveCfg = Debug|Any CPU
		{3A90DA2D-A649-4FA0-BF53-7222273E4410}.Debug|Any CPU.Build.0 = Debug|Any CPU
		{3A90DA2D-A649-4FA0-BF53-7222273E4410}.Release|Any CPU.ActiveCfg = Release|Any CPU
		{3A90DA2D-A649-4FA0-BF53-7222273E4410}.Release|Any CPU.Build.0 = Release|Any CPU
		{22397A12-B9B8-4913-897C-59BF49752659}.Debug|Any CPU.ActiveCfg = Debug|Any CPU
		{22397A12-B9B8-4913-897C-59BF49752659}.Debug|Any CPU.Build.0 = Debug|Any CPU
		{22397A12-B9B8-4913-897C-59BF49752659}.Release|Any CPU.ActiveCfg = Release|Any CPU
		{22397A12-B9B8-4913-897C-59BF49752659}.Release|Any CPU.Build.0 = Release|Any CPU
		{4A5E4AD8-DF13-4B94-87E8-F0FA19EAB2FA}.Debug|Any CPU.ActiveCfg = Debug|Any CPU
		{4A5E4AD8-DF13-4B94-87E8-F0FA19EAB2FA}.Debug|Any CPU.Build.0 = Debug|Any CPU
		{4A5E4AD8-DF13-4B94-87E8-F0FA19EAB2FA}.Release|Any CPU.ActiveCfg = Release|Any CPU
		{4A5E4AD8-DF13-4B94-87E8-F0FA19EAB2FA}.Release|Any CPU.Build.0 = Release|Any CPU
		{663384BE-3A81-4B11-AF33-817BF91345B2}.Debug|Any CPU.ActiveCfg = Debug|Any CPU
		{663384BE-3A81-4B11-AF33-817BF91345B2}.Debug|Any CPU.Build.0 = Debug|Any CPU
		{663384BE-3A81-4B11-AF33-817BF91345B2}.Release|Any CPU.ActiveCfg = Release|Any CPU
		{663384BE-3A81-4B11-AF33-817BF91345B2}.Release|Any CPU.Build.0 = Release|Any CPU
		{B5E6E050-014D-447B-A572-8D1DD7860871}.Debug|Any CPU.ActiveCfg = Debug|Any CPU
		{B5E6E050-014D-447B-A572-8D1DD7860871}.Debug|Any CPU.Build.0 = Debug|Any CPU
		{B5E6E050-014D-447B-A572-8D1DD7860871}.Release|Any CPU.ActiveCfg = Release|Any CPU
		{B5E6E050-014D-447B-A572-8D1DD7860871}.Release|Any CPU.Build.0 = Release|Any CPU
		{7A218008-D8D5-4CB8-9935-E3FF291C0149}.Debug|Any CPU.ActiveCfg = Debug|Any CPU
		{7A218008-D8D5-4CB8-9935-E3FF291C0149}.Debug|Any CPU.Build.0 = Debug|Any CPU
		{7A218008-D8D5-4CB8-9935-E3FF291C0149}.Release|Any CPU.ActiveCfg = Release|Any CPU
		{7A218008-D8D5-4CB8-9935-E3FF291C0149}.Release|Any CPU.Build.0 = Release|Any CPU
		{AA5217FF-A896-051C-E55A-20CB1EA28A53}.Debug|Any CPU.ActiveCfg = Debug|Any CPU
		{AA5217FF-A896-051C-E55A-20CB1EA28A53}.Debug|Any CPU.Build.0 = Debug|Any CPU
		{AA5217FF-A896-051C-E55A-20CB1EA28A53}.Release|Any CPU.ActiveCfg = Release|Any CPU
		{AA5217FF-A896-051C-E55A-20CB1EA28A53}.Release|Any CPU.Build.0 = Release|Any CPU
	EndGlobalSection
	GlobalSection(SolutionProperties) = preSolution
		HideSolutionNode = FALSE
	EndGlobalSection
	GlobalSection(ExtensibilityGlobals) = postSolution
		SolutionGuid = {9F73F861-3A15-41DF-B221-75441EEA8185}
	EndGlobalSection
EndGlobal
