
Microsoft Visual Studio Solution File, Format Version 12.00
# Visual Studio Version 17
VisualStudioVersion = 17.9.34728.123
MinimumVisualStudioVersion = 10.0.40219.1
Project("{FAE04EC0-301F-11D3-BF4B-00C04F79EFBC}") = "SemiconductorTestLibrary.Extensions", "..\..\..\..\..\SemiconductorTestLibrary.Extensions\source\SemiconductorTestLibrary.Extensions.csproj", "{8221C510-0DA1-E8AE-C0C6-C851B24DC759}"
EndProject
Project("{FAE04EC0-301F-11D3-BF4B-00C04F79EFBC}") = "STLExample.SMUMergePinGroup", "STLExample.ConfigureAndForceSynchronizedAndAsynchronizedVoltageRamp.csproj", "{BFCA6477-9330-3675-7731-80C2C02E3F70}"
EndProject
Global
	GlobalSection(SolutionConfigurationPlatforms) = preSolution
		Debug|Any CPU = Debug|Any CPU
		Release|Any CPU = Release|Any CPU
	EndGlobalSection
	GlobalSection(ProjectConfigurationPlatforms) = postSolution
		{8221C510-0DA1-E8AE-C0C6-C851B24DC759}.Debug|Any CPU.ActiveCfg = Debug|Any CPU
		{8221C510-0DA1-E8AE-C0C6-C851B24DC759}.Debug|Any CPU.Build.0 = Debug|Any CPU
		{8221C510-0DA1-E8AE-C0C6-C851B24DC759}.Release|Any CPU.ActiveCfg = Release|Any CPU
		{8221C510-0DA1-E8AE-C0C6-C851B24DC759}.Release|Any CPU.Build.0 = Release|Any CPU
		{BFCA6477-9330-3675-7731-80C2C02E3F70}.Debug|Any CPU.ActiveCfg = Debug|Any CPU
		{BFCA6477-9330-3675-7731-80C2C02E3F70}.Debug|Any CPU.Build.0 = Debug|Any CPU
		{BFCA6477-9330-3675-7731-80C2C02E3F70}.Release|Any CPU.ActiveCfg = Release|Any CPU
		{BFCA6477-9330-3675-7731-80C2C02E3F70}.Release|Any CPU.Build.0 = Release|Any CPU
	EndGlobalSection
	GlobalSection(SolutionProperties) = preSolution
		HideSolutionNode = FALSE
	EndGlobalSection
	GlobalSection(ExtensibilityGlobals) = postSolution
		SolutionGuid = {5A53F122-BD72-4946-AB4C-E3FDF7840F0A}
	EndGlobalSection
EndGlobal
