### YamlMime:ManagedReference
items:
- uid: NationalInstruments.SemiconductorTestLibrary.InstrumentAbstraction.Sync.SynchronizationClock
  commentId: T:NationalInstruments.SemiconductorTestLibrary.InstrumentAbstraction.Sync.SynchronizationClock
  id: SynchronizationClock
  parent: NationalInstruments.SemiconductorTestLibrary.InstrumentAbstraction.Sync
  children:
  - NationalInstruments.SemiconductorTestLibrary.InstrumentAbstraction.Sync.SynchronizationClock.Asynchronous
  - NationalInstruments.SemiconductorTestLibrary.InstrumentAbstraction.Sync.SynchronizationClock.DividedClock1
  - NationalInstruments.SemiconductorTestLibrary.InstrumentAbstraction.Sync.SynchronizationClock.DividedClock2
  - NationalInstruments.SemiconductorTestLibrary.InstrumentAbstraction.Sync.SynchronizationClock.FullSpeedClock
  langs:
  - csharp
  - vb
  name: SynchronizationClock
  nameWithType: SynchronizationClock
  fullName: NationalInstruments.SemiconductorTestLibrary.InstrumentAbstraction.Sync.SynchronizationClock
  type: Enum
  assemblies:
  - NationalInstruments.SemiconductorTestLibrary.Abstractions
  namespace: NationalInstruments.SemiconductorTestLibrary.InstrumentAbstraction.Sync
  summary: Specifies the synchronization clock options.
  example: []
  syntax:
    content: public enum SynchronizationClock
    content.vb: Public Enum SynchronizationClock
- uid: NationalInstruments.SemiconductorTestLibrary.InstrumentAbstraction.Sync.SynchronizationClock.Asynchronous
  commentId: F:NationalInstruments.SemiconductorTestLibrary.InstrumentAbstraction.Sync.SynchronizationClock.Asynchronous
  id: Asynchronous
  parent: NationalInstruments.SemiconductorTestLibrary.InstrumentAbstraction.Sync.SynchronizationClock
  langs:
  - csharp
  - vb
  name: Asynchronous
  nameWithType: SynchronizationClock.Asynchronous
  fullName: NationalInstruments.SemiconductorTestLibrary.InstrumentAbstraction.Sync.SynchronizationClock.Asynchronous
  type: Field
  assemblies:
  - NationalInstruments.SemiconductorTestLibrary.Abstractions
  namespace: NationalInstruments.SemiconductorTestLibrary.InstrumentAbstraction.Sync
  summary: The trigger is not synchronized to any clock.
  example: []
  syntax:
    content: Asynchronous = 0
    return:
      type: NationalInstruments.SemiconductorTestLibrary.InstrumentAbstraction.Sync.SynchronizationClock
- uid: NationalInstruments.SemiconductorTestLibrary.InstrumentAbstraction.Sync.SynchronizationClock.FullSpeedClock
  commentId: F:NationalInstruments.SemiconductorTestLibrary.InstrumentAbstraction.Sync.SynchronizationClock.FullSpeedClock
  id: FullSpeedClock
  parent: NationalInstruments.SemiconductorTestLibrary.InstrumentAbstraction.Sync.SynchronizationClock
  langs:
  - csharp
  - vb
  name: FullSpeedClock
  nameWithType: SynchronizationClock.FullSpeedClock
  fullName: NationalInstruments.SemiconductorTestLibrary.InstrumentAbstraction.Sync.SynchronizationClock.FullSpeedClock
  type: Field
  assemblies:
  - NationalInstruments.SemiconductorTestLibrary.Abstractions
  namespace: NationalInstruments.SemiconductorTestLibrary.InstrumentAbstraction.Sync
  summary: Uses the full speed frequency of the synchronization clock to synchronize the trigger.
  example: []
  syntax:
    content: FullSpeedClock = 1
    return:
      type: NationalInstruments.SemiconductorTestLibrary.InstrumentAbstraction.Sync.SynchronizationClock
- uid: NationalInstruments.SemiconductorTestLibrary.InstrumentAbstraction.Sync.SynchronizationClock.DividedClock1
  commentId: F:NationalInstruments.SemiconductorTestLibrary.InstrumentAbstraction.Sync.SynchronizationClock.DividedClock1
  id: DividedClock1
  parent: NationalInstruments.SemiconductorTestLibrary.InstrumentAbstraction.Sync.SynchronizationClock
  langs:
  - csharp
  - vb
  name: DividedClock1
  nameWithType: SynchronizationClock.DividedClock1
  fullName: NationalInstruments.SemiconductorTestLibrary.InstrumentAbstraction.Sync.SynchronizationClock.DividedClock1
  type: Field
  assemblies:
  - NationalInstruments.SemiconductorTestLibrary.Abstractions
  namespace: NationalInstruments.SemiconductorTestLibrary.InstrumentAbstraction.Sync
  summary: Divides the synchronization clock by the value specified in the Clock Divisor 1 parameter and uses the frequency of the divided clock to synchronize the trigger.
  example: []
  syntax:
    content: DividedClock1 = 2
    return:
      type: NationalInstruments.SemiconductorTestLibrary.InstrumentAbstraction.Sync.SynchronizationClock
- uid: NationalInstruments.SemiconductorTestLibrary.InstrumentAbstraction.Sync.SynchronizationClock.DividedClock2
  commentId: F:NationalInstruments.SemiconductorTestLibrary.InstrumentAbstraction.Sync.SynchronizationClock.DividedClock2
  id: DividedClock2
  parent: NationalInstruments.SemiconductorTestLibrary.InstrumentAbstraction.Sync.SynchronizationClock
  langs:
  - csharp
  - vb
  name: DividedClock2
  nameWithType: SynchronizationClock.DividedClock2
  fullName: NationalInstruments.SemiconductorTestLibrary.InstrumentAbstraction.Sync.SynchronizationClock.DividedClock2
  type: Field
  assemblies:
  - NationalInstruments.SemiconductorTestLibrary.Abstractions
  namespace: NationalInstruments.SemiconductorTestLibrary.InstrumentAbstraction.Sync
  summary: Divides the synchronization clock by the value specified in the Clock Divisor 2 parameter and uses the frequency of the divided clock to synchronize the trigger.
  example: []
  syntax:
    content: DividedClock2 = 3
    return:
      type: NationalInstruments.SemiconductorTestLibrary.InstrumentAbstraction.Sync.SynchronizationClock
references:
- uid: NationalInstruments.SemiconductorTestLibrary.InstrumentAbstraction.Sync
  commentId: N:NationalInstruments.SemiconductorTestLibrary.InstrumentAbstraction.Sync
  isExternal: true
  href: NationalInstruments.html
  name: NationalInstruments.SemiconductorTestLibrary.InstrumentAbstraction.Sync
  nameWithType: NationalInstruments.SemiconductorTestLibrary.InstrumentAbstraction.Sync
  fullName: NationalInstruments.SemiconductorTestLibrary.InstrumentAbstraction.Sync
  spec.csharp:
  - uid: NationalInstruments
    name: NationalInstruments
    isExternal: true
    href: NationalInstruments.html
  - name: .
  - uid: NationalInstruments.SemiconductorTestLibrary
    name: SemiconductorTestLibrary
    isExternal: true
    href: NationalInstruments.SemiconductorTestLibrary.html
  - name: .
  - uid: NationalInstruments.SemiconductorTestLibrary.InstrumentAbstraction
    name: InstrumentAbstraction
    isExternal: true
    href: NationalInstruments.SemiconductorTestLibrary.InstrumentAbstraction.html
  - name: .
  - uid: NationalInstruments.SemiconductorTestLibrary.InstrumentAbstraction.Sync
    name: Sync
    isExternal: true
    href: NationalInstruments.SemiconductorTestLibrary.InstrumentAbstraction.Sync.html
  spec.vb:
  - uid: NationalInstruments
    name: NationalInstruments
    isExternal: true
    href: NationalInstruments.html
  - name: .
  - uid: NationalInstruments.SemiconductorTestLibrary
    name: SemiconductorTestLibrary
    isExternal: true
    href: NationalInstruments.SemiconductorTestLibrary.html
  - name: .
  - uid: NationalInstruments.SemiconductorTestLibrary.InstrumentAbstraction
    name: InstrumentAbstraction
    isExternal: true
    href: NationalInstruments.SemiconductorTestLibrary.InstrumentAbstraction.html
  - name: .
  - uid: NationalInstruments.SemiconductorTestLibrary.InstrumentAbstraction.Sync
    name: Sync
    isExternal: true
    href: NationalInstruments.SemiconductorTestLibrary.InstrumentAbstraction.Sync.html
- uid: NationalInstruments.SemiconductorTestLibrary.InstrumentAbstraction.Sync.SynchronizationClock
  commentId: T:NationalInstruments.SemiconductorTestLibrary.InstrumentAbstraction.Sync.SynchronizationClock
  parent: NationalInstruments.SemiconductorTestLibrary.InstrumentAbstraction.Sync
  isExternal: true
  href: NationalInstruments.SemiconductorTestLibrary.InstrumentAbstraction.Sync.SynchronizationClock.html
  name: SynchronizationClock
  nameWithType: SynchronizationClock
  fullName: NationalInstruments.SemiconductorTestLibrary.InstrumentAbstraction.Sync.SynchronizationClock
memberLayout: SeparatePages
