
Microsoft Visual Studio Solution File, Format Version 12.00
# Visual Studio Version 17
VisualStudioVersion = 17.14.36717.8
MinimumVisualStudioVersion = 10.0.40219.1
Project("{FAE04EC0-301F-11D3-BF4B-00C04F79EFBC}") = "SemiconductorTestLibrary.Extensions", "..\..\..\..\..\SemiconductorTestLibrary.Extensions\source\SemiconductorTestLibrary.Extensions.csproj", "{8221C510-0DA1-E8AE-C0C6-C851B24DC759}"
EndProject
Project("{FAE04EC0-301F-11D3-BF4B-00C04F79EFBC}") = "STLExample.SMUGangPinGroup", "STLExample.SMUGangPinGroup.csproj", "{A0335F19-F46F-C044-C396-B0316B5C9B01}"
EndProject
Global
	GlobalSection(SolutionConfigurationPlatforms) = preSolution
		Debug|Any CPU = Debug|Any CPU
		Release|Any CPU = Release|Any CPU
	EndGlobalSection
	GlobalSection(ProjectConfigurationPlatforms) = postSolution
		{8221C510-0DA1-E8AE-C0C6-C851B24DC759}.Debug|Any CPU.ActiveCfg = Debug|Any CPU
		{8221C510-0DA1-E8AE-C0C6-C851B24DC759}.Debug|Any CPU.Build.0 = Debug|Any CPU
		{8221C510-0DA1-E8AE-C0C6-C851B24DC759}.Release|Any CPU.ActiveCfg = Release|Any CPU
		{8221C510-0DA1-E8AE-C0C6-C851B24DC759}.Release|Any CPU.Build.0 = Release|Any CPU
		{A0335F19-F46F-C044-C396-B0316B5C9B01}.Debug|Any CPU.ActiveCfg = Debug|Any CPU
		{A0335F19-F46F-C044-C396-B0316B5C9B01}.Debug|Any CPU.Build.0 = Debug|Any CPU
		{A0335F19-F46F-C044-C396-B0316B5C9B01}.Release|Any CPU.ActiveCfg = Release|Any CPU
		{A0335F19-F46F-C044-C396-B0316B5C9B01}.Release|Any CPU.Build.0 = Release|Any CPU
	EndGlobalSection
	GlobalSection(SolutionProperties) = preSolution
		HideSolutionNode = FALSE
	EndGlobalSection
	GlobalSection(ExtensibilityGlobals) = postSolution
		SolutionGuid = {EA914CF0-A35B-4955-9FEB-F1AA60350FE9}
	EndGlobalSection
EndGlobal
